
Microsoft Visual Studio Solution File, Format Version 12.00
# Visual Studio 14
VisualStudioVersion = 14.0.23107.0
MinimumVisualStudioVersion = 10.0.40219.1
Project("{8BC9CEB8-8B4A-11D0-8D11-00A0C91BC942}") = "XGothicRnd", "XGothicRnd\XGothicRnd.vcxproj", "{28FFFAED-986B-4792-B0F6-2D8F18309D65}"
	ProjectSection(ProjectDependencies) = postProject
		{BFB5DA02-E4DD-4DA4-9668-E29C1B973E3E} = {BFB5DA02-E4DD-4DA4-9668-E29C1B973E3E}
	EndProjectSection
EndProject
Project("{8BC9CEB8-8B4A-11D0-8D11-00A0C91BC942}") = "MapHooks", "MapHooks\MapHooks.vcxproj", "{BFB5DA02-E4DD-4DA4-9668-E29C1B973E3E}"
EndProject
Project("{8BC9CEB8-8B4A-11D0-8D11-00A0C91BC942}") = "MemHeaderGen", "MemHeaderGen\MemHeaderGen.vcxproj", "{443FC682-6707-4D1A-ABD4-7319569D1E89}"
	ProjectSection(ProjectDependencies) = postProject
		{BFB5DA02-E4DD-4DA4-9668-E29C1B973E3E} = {BFB5DA02-E4DD-4DA4-9668-E29C1B973E3E}
	EndProjectSection
EndProject
Project("{8BC9CEB8-8B4A-11D0-8D11-00A0C91BC942}") = "PluginLoader", "PluginLoader\PluginLoader.vcxproj", "{0B144C65-02FC-47DC-8B20-5ECB00BF6036}"
EndProject
Global
	GlobalSection(SolutionConfigurationPlatforms) = preSolution
		Release_CRT_NoOpt|Mixed Platforms = Release_CRT_NoOpt|Mixed Platforms
		Release_CRT_NoOpt|Win32 = Release_CRT_NoOpt|Win32
		Release_CRT_NoOpt|x64 = Release_CRT_NoOpt|x64
		Release_CRT_NoOpt|x86 = Release_CRT_NoOpt|x86
		Release_NO_G112f|Mixed Platforms = Release_NO_G112f|Mixed Platforms
		Release_NO_G112f|Win32 = Release_NO_G112f|Win32
		Release_NO_G112f|x64 = Release_NO_G112f|x64
		Release_NO_G112f|x86 = Release_NO_G112f|x86
		Release_NO_G18kmod|Mixed Platforms = Release_NO_G18kmod|Mixed Platforms
		Release_NO_G18kmod|Win32 = Release_NO_G18kmod|Win32
		Release_NO_G18kmod|x64 = Release_NO_G18kmod|x64
		Release_NO_G18kmod|x86 = Release_NO_G18kmod|x86
		Release_NoOpt|Mixed Platforms = Release_NoOpt|Mixed Platforms
		Release_NoOpt|Win32 = Release_NoOpt|Win32
		Release_NoOpt|x64 = Release_NoOpt|x64
		Release_NoOpt|x86 = Release_NoOpt|x86
		Release|Mixed Platforms = Release|Mixed Platforms
		Release|Win32 = Release|Win32
		Release|x64 = Release|x64
		Release|x86 = Release|x86
	EndGlobalSection
	GlobalSection(ProjectConfigurationPlatforms) = postSolution
		{28FFFAED-986B-4792-B0F6-2D8F18309D65}.Release_CRT_NoOpt|Mixed Platforms.ActiveCfg = Release_CRT_NoOpt|Win32
		{28FFFAED-986B-4792-B0F6-2D8F18309D65}.Release_CRT_NoOpt|Mixed Platforms.Build.0 = Release_CRT_NoOpt|Win32
		{28FFFAED-986B-4792-B0F6-2D8F18309D65}.Release_CRT_NoOpt|Win32.ActiveCfg = Release_CRT_NoOpt|Win32
		{28FFFAED-986B-4792-B0F6-2D8F18309D65}.Release_CRT_NoOpt|Win32.Build.0 = Release_CRT_NoOpt|Win32
		{28FFFAED-986B-4792-B0F6-2D8F18309D65}.Release_CRT_NoOpt|x64.ActiveCfg = Release_CRT_NoOpt|x64
		{28FFFAED-986B-4792-B0F6-2D8F18309D65}.Release_CRT_NoOpt|x64.Build.0 = Release_CRT_NoOpt|x64
		{28FFFAED-986B-4792-B0F6-2D8F18309D65}.Release_CRT_NoOpt|x86.ActiveCfg = Release_CRT_NoOpt|Win32
		{28FFFAED-986B-4792-B0F6-2D8F18309D65}.Release_CRT_NoOpt|x86.Build.0 = Release_CRT_NoOpt|Win32
		{28FFFAED-986B-4792-B0F6-2D8F18309D65}.Release_NO_G112f|Mixed Platforms.ActiveCfg = Release_NO_G112f|Win32
		{28FFFAED-986B-4792-B0F6-2D8F18309D65}.Release_NO_G112f|Mixed Platforms.Build.0 = Release_NO_G112f|Win32
		{28FFFAED-986B-4792-B0F6-2D8F18309D65}.Release_NO_G112f|Win32.ActiveCfg = Release_NO_G112f|Win32
		{28FFFAED-986B-4792-B0F6-2D8F18309D65}.Release_NO_G112f|Win32.Build.0 = Release_NO_G112f|Win32
		{28FFFAED-986B-4792-B0F6-2D8F18309D65}.Release_NO_G112f|x64.ActiveCfg = Release_NO_G112f|x64
		{28FFFAED-986B-4792-B0F6-2D8F18309D65}.Release_NO_G112f|x64.Build.0 = Release_NO_G112f|x64
		{28FFFAED-986B-4792-B0F6-2D8F18309D65}.Release_NO_G112f|x86.ActiveCfg = Release_NO_G112f|Win32
		{28FFFAED-986B-4792-B0F6-2D8F18309D65}.Release_NO_G112f|x86.Build.0 = Release_NO_G112f|Win32
		{28FFFAED-986B-4792-B0F6-2D8F18309D65}.Release_NO_G18kmod|Mixed Platforms.ActiveCfg = Release_NO_G18kmod|Win32
		{28FFFAED-986B-4792-B0F6-2D8F18309D65}.Release_NO_G18kmod|Mixed Platforms.Build.0 = Release_NO_G18kmod|Win32
		{28FFFAED-986B-4792-B0F6-2D8F18309D65}.Release_NO_G18kmod|Win32.ActiveCfg = Release_NO_G18kmod|Win32
		{28FFFAED-986B-4792-B0F6-2D8F18309D65}.Release_NO_G18kmod|Win32.Build.0 = Release_NO_G18kmod|Win32
		{28FFFAED-986B-4792-B0F6-2D8F18309D65}.Release_NO_G18kmod|x64.ActiveCfg = Release_NO_G18kmod|x64
		{28FFFAED-986B-4792-B0F6-2D8F18309D65}.Release_NO_G18kmod|x64.Build.0 = Release_NO_G18kmod|x64
		{28FFFAED-986B-4792-B0F6-2D8F18309D65}.Release_NO_G18kmod|x86.ActiveCfg = Release_NO_G18kmod|Win32
		{28FFFAED-986B-4792-B0F6-2D8F18309D65}.Release_NO_G18kmod|x86.Build.0 = Release_NO_G18kmod|Win32
		{28FFFAED-986B-4792-B0F6-2D8F18309D65}.Release_NoOpt|Mixed Platforms.ActiveCfg = Release_NoOpt|Win32
		{28FFFAED-986B-4792-B0F6-2D8F18309D65}.Release_NoOpt|Mixed Platforms.Build.0 = Release_NoOpt|Win32
		{28FFFAED-986B-4792-B0F6-2D8F18309D65}.Release_NoOpt|Win32.ActiveCfg = Release_NoOpt|Win32
		{28FFFAED-986B-4792-B0F6-2D8F18309D65}.Release_NoOpt|Win32.Build.0 = Release_NoOpt|Win32
		{28FFFAED-986B-4792-B0F6-2D8F18309D65}.Release_NoOpt|x64.ActiveCfg = Release_NoOpt|x64
		{28FFFAED-986B-4792-B0F6-2D8F18309D65}.Release_NoOpt|x64.Build.0 = Release_NoOpt|x64
		{28FFFAED-986B-4792-B0F6-2D8F18309D65}.Release_NoOpt|x86.ActiveCfg = Release_NoOpt|Win32
		{28FFFAED-986B-4792-B0F6-2D8F18309D65}.Release_NoOpt|x86.Build.0 = Release_NoOpt|Win32
		{28FFFAED-986B-4792-B0F6-2D8F18309D65}.Release|Mixed Platforms.ActiveCfg = Release|Win32
		{28FFFAED-986B-4792-B0F6-2D8F18309D65}.Release|Mixed Platforms.Build.0 = Release|Win32
		{28FFFAED-986B-4792-B0F6-2D8F18309D65}.Release|Win32.ActiveCfg = Release|Win32
		{28FFFAED-986B-4792-B0F6-2D8F18309D65}.Release|Win32.Build.0 = Release|Win32
		{28FFFAED-986B-4792-B0F6-2D8F18309D65}.Release|x64.ActiveCfg = Release|x64
		{28FFFAED-986B-4792-B0F6-2D8F18309D65}.Release|x64.Build.0 = Release|x64
		{28FFFAED-986B-4792-B0F6-2D8F18309D65}.Release|x86.ActiveCfg = Release|Win32
		{28FFFAED-986B-4792-B0F6-2D8F18309D65}.Release|x86.Build.0 = Release|Win32
		{BFB5DA02-E4DD-4DA4-9668-E29C1B973E3E}.Release_CRT_NoOpt|Mixed Platforms.ActiveCfg = Release|Win32
		{BFB5DA02-E4DD-4DA4-9668-E29C1B973E3E}.Release_CRT_NoOpt|Mixed Platforms.Build.0 = Release|Win32
		{BFB5DA02-E4DD-4DA4-9668-E29C1B973E3E}.Release_CRT_NoOpt|Win32.ActiveCfg = Release|Win32
		{BFB5DA02-E4DD-4DA4-9668-E29C1B973E3E}.Release_CRT_NoOpt|Win32.Build.0 = Release|Win32
		{BFB5DA02-E4DD-4DA4-9668-E29C1B973E3E}.Release_CRT_NoOpt|x64.ActiveCfg = Release|Win32
		{BFB5DA02-E4DD-4DA4-9668-E29C1B973E3E}.Release_CRT_NoOpt|x64.Build.0 = Release|Win32
		{BFB5DA02-E4DD-4DA4-9668-E29C1B973E3E}.Release_CRT_NoOpt|x86.ActiveCfg = Release|Win32
		{BFB5DA02-E4DD-4DA4-9668-E29C1B973E3E}.Release_CRT_NoOpt|x86.Build.0 = Release|Win32
		{BFB5DA02-E4DD-4DA4-9668-E29C1B973E3E}.Release_NO_G112f|Mixed Platforms.ActiveCfg = Release|Win32
		{BFB5DA02-E4DD-4DA4-9668-E29C1B973E3E}.Release_NO_G112f|Mixed Platforms.Build.0 = Release|Win32
		{BFB5DA02-E4DD-4DA4-9668-E29C1B973E3E}.Release_NO_G112f|Win32.ActiveCfg = Release|Win32
		{BFB5DA02-E4DD-4DA4-9668-E29C1B973E3E}.Release_NO_G112f|Win32.Build.0 = Release|Win32
		{BFB5DA02-E4DD-4DA4-9668-E29C1B973E3E}.Release_NO_G112f|x64.ActiveCfg = Release|Win32
		{BFB5DA02-E4DD-4DA4-9668-E29C1B973E3E}.Release_NO_G112f|x64.Build.0 = Release|Win32
		{BFB5DA02-E4DD-4DA4-9668-E29C1B973E3E}.Release_NO_G112f|x86.ActiveCfg = Release|Win32
		{BFB5DA02-E4DD-4DA4-9668-E29C1B973E3E}.Release_NO_G112f|x86.Build.0 = Release|Win32
		{BFB5DA02-E4DD-4DA4-9668-E29C1B973E3E}.Release_NO_G18kmod|Mixed Platforms.ActiveCfg = Release|Win32
		{BFB5DA02-E4DD-4DA4-9668-E29C1B973E3E}.Release_NO_G18kmod|Mixed Platforms.Build.0 = Release|Win32
		{BFB5DA02-E4DD-4DA4-9668-E29C1B973E3E}.Release_NO_G18kmod|Win32.ActiveCfg = Release|Win32
		{BFB5DA02-E4DD-4DA4-9668-E29C1B973E3E}.Release_NO_G18kmod|Win32.Build.0 = Release|Win32
		{BFB5DA02-E4DD-4DA4-9668-E29C1B973E3E}.Release_NO_G18kmod|x64.ActiveCfg = Release|Win32
		{BFB5DA02-E4DD-4DA4-9668-E29C1B973E3E}.Release_NO_G18kmod|x64.Build.0 = Release|Win32
		{BFB5DA02-E4DD-4DA4-9668-E29C1B973E3E}.Release_NO_G18kmod|x86.ActiveCfg = Release|Win32
		{BFB5DA02-E4DD-4DA4-9668-E29C1B973E3E}.Release_NO_G18kmod|x86.Build.0 = Release|Win32
		{BFB5DA02-E4DD-4DA4-9668-E29C1B973E3E}.Release_NoOpt|Mixed Platforms.ActiveCfg = Release|Win32
		{BFB5DA02-E4DD-4DA4-9668-E29C1B973E3E}.Release_NoOpt|Mixed Platforms.Build.0 = Release|Win32
		{BFB5DA02-E4DD-4DA4-9668-E29C1B973E3E}.Release_NoOpt|Win32.ActiveCfg = Release|Win32
		{BFB5DA02-E4DD-4DA4-9668-E29C1B973E3E}.Release_NoOpt|Win32.Build.0 = Release|Win32
		{BFB5DA02-E4DD-4DA4-9668-E29C1B973E3E}.Release_NoOpt|x64.ActiveCfg = Release|Win32
		{BFB5DA02-E4DD-4DA4-9668-E29C1B973E3E}.Release_NoOpt|x86.ActiveCfg = Release|Win32
		{BFB5DA02-E4DD-4DA4-9668-E29C1B973E3E}.Release_NoOpt|x86.Build.0 = Release|Win32
		{BFB5DA02-E4DD-4DA4-9668-E29C1B973E3E}.Release|Mixed Platforms.ActiveCfg = Release|Win32
		{BFB5DA02-E4DD-4DA4-9668-E29C1B973E3E}.Release|Mixed Platforms.Build.0 = Release|Win32
		{BFB5DA02-E4DD-4DA4-9668-E29C1B973E3E}.Release|Win32.ActiveCfg = Release|Win32
		{BFB5DA02-E4DD-4DA4-9668-E29C1B973E3E}.Release|Win32.Build.0 = Release|Win32
		{BFB5DA02-E4DD-4DA4-9668-E29C1B973E3E}.Release|x64.ActiveCfg = Release|Win32
		{BFB5DA02-E4DD-4DA4-9668-E29C1B973E3E}.Release|x86.ActiveCfg = Release|Win32
		{BFB5DA02-E4DD-4DA4-9668-E29C1B973E3E}.Release|x86.Build.0 = Release|Win32
		{443FC682-6707-4D1A-ABD4-7319569D1E89}.Release_CRT_NoOpt|Mixed Platforms.ActiveCfg = Release|Win32
		{443FC682-6707-4D1A-ABD4-7319569D1E89}.Release_CRT_NoOpt|Mixed Platforms.Build.0 = Release|Win32
		{443FC682-6707-4D1A-ABD4-7319569D1E89}.Release_CRT_NoOpt|Win32.ActiveCfg = Release|Win32
		{443FC682-6707-4D1A-ABD4-7319569D1E89}.Release_CRT_NoOpt|Win32.Build.0 = Release|Win32
		{443FC682-6707-4D1A-ABD4-7319569D1E89}.Release_CRT_NoOpt|x64.ActiveCfg = Release|Win32
		{443FC682-6707-4D1A-ABD4-7319569D1E89}.Release_CRT_NoOpt|x64.Build.0 = Release|Win32
		{443FC682-6707-4D1A-ABD4-7319569D1E89}.Release_CRT_NoOpt|x86.ActiveCfg = Release|Win32
		{443FC682-6707-4D1A-ABD4-7319569D1E89}.Release_CRT_NoOpt|x86.Build.0 = Release|Win32
		{443FC682-6707-4D1A-ABD4-7319569D1E89}.Release_NO_G112f|Mixed Platforms.ActiveCfg = Release|Win32
		{443FC682-6707-4D1A-ABD4-7319569D1E89}.Release_NO_G112f|Mixed Platforms.Build.0 = Release|Win32
		{443FC682-6707-4D1A-ABD4-7319569D1E89}.Release_NO_G112f|Win32.ActiveCfg = Release|Win32
		{443FC682-6707-4D1A-ABD4-7319569D1E89}.Release_NO_G112f|Win32.Build.0 = Release|Win32
		{443FC682-6707-4D1A-ABD4-7319569D1E89}.Release_NO_G112f|x64.ActiveCfg = Release|Win32
		{443FC682-6707-4D1A-ABD4-7319569D1E89}.Release_NO_G112f|x64.Build.0 = Release|Win32
		{443FC682-6707-4D1A-ABD4-7319569D1E89}.Release_NO_G112f|x86.ActiveCfg = Release|Win32
		{443FC682-6707-4D1A-ABD4-7319569D1E89}.Release_NO_G112f|x86.Build.0 = Release|Win32
		{443FC682-6707-4D1A-ABD4-7319569D1E89}.Release_NO_G18kmod|Mixed Platforms.ActiveCfg = Release|Win32
		{443FC682-6707-4D1A-ABD4-7319569D1E89}.Release_NO_G18kmod|Mixed Platforms.Build.0 = Release|Win32
		{443FC682-6707-4D1A-ABD4-7319569D1E89}.Release_NO_G18kmod|Win32.ActiveCfg = Release|Win32
		{443FC682-6707-4D1A-ABD4-7319569D1E89}.Release_NO_G18kmod|Win32.Build.0 = Release|Win32
		{443FC682-6707-4D1A-ABD4-7319569D1E89}.Release_NO_G18kmod|x64.ActiveCfg = Release|Win32
		{443FC682-6707-4D1A-ABD4-7319569D1E89}.Release_NO_G18kmod|x64.Build.0 = Release|Win32
		{443FC682-6707-4D1A-ABD4-7319569D1E89}.Release_NO_G18kmod|x86.ActiveCfg = Release|Win32
		{443FC682-6707-4D1A-ABD4-7319569D1E89}.Release_NO_G18kmod|x86.Build.0 = Release|Win32
		{443FC682-6707-4D1A-ABD4-7319569D1E89}.Release_NoOpt|Mixed Platforms.ActiveCfg = Release|Win32
		{443FC682-6707-4D1A-ABD4-7319569D1E89}.Release_NoOpt|Mixed Platforms.Build.0 = Release|Win32
		{443FC682-6707-4D1A-ABD4-7319569D1E89}.Release_NoOpt|Win32.ActiveCfg = Release|Win32
		{443FC682-6707-4D1A-ABD4-7319569D1E89}.Release_NoOpt|Win32.Build.0 = Release|Win32
		{443FC682-6707-4D1A-ABD4-7319569D1E89}.Release_NoOpt|x64.ActiveCfg = Release|Win32
		{443FC682-6707-4D1A-ABD4-7319569D1E89}.Release_NoOpt|x86.ActiveCfg = Release|Win32
		{443FC682-6707-4D1A-ABD4-7319569D1E89}.Release_NoOpt|x86.Build.0 = Release|Win32
		{443FC682-6707-4D1A-ABD4-7319569D1E89}.Release|Mixed Platforms.ActiveCfg = Release|Win32
		{443FC682-6707-4D1A-ABD4-7319569D1E89}.Release|Mixed Platforms.Build.0 = Release|Win32
		{443FC682-6707-4D1A-ABD4-7319569D1E89}.Release|Win32.ActiveCfg = Release|Win32
		{443FC682-6707-4D1A-ABD4-7319569D1E89}.Release|Win32.Build.0 = Release|Win32
		{443FC682-6707-4D1A-ABD4-7319569D1E89}.Release|x64.ActiveCfg = Release|Win32
		{443FC682-6707-4D1A-ABD4-7319569D1E89}.Release|x86.ActiveCfg = Release|Win32
		{443FC682-6707-4D1A-ABD4-7319569D1E89}.Release|x86.Build.0 = Release|Win32
		{0B144C65-02FC-47DC-8B20-5ECB00BF6036}.Release_CRT_NoOpt|Mixed Platforms.ActiveCfg = Release|Win32
		{0B144C65-02FC-47DC-8B20-5ECB00BF6036}.Release_CRT_NoOpt|Mixed Platforms.Build.0 = Release|Win32
		{0B144C65-02FC-47DC-8B20-5ECB00BF6036}.Release_CRT_NoOpt|Win32.ActiveCfg = Release|Win32
		{0B144C65-02FC-47DC-8B20-5ECB00BF6036}.Release_CRT_NoOpt|Win32.Build.0 = Release|Win32
		{0B144C65-02FC-47DC-8B20-5ECB00BF6036}.Release_CRT_NoOpt|x64.ActiveCfg = Release|x64
		{0B144C65-02FC-47DC-8B20-5ECB00BF6036}.Release_CRT_NoOpt|x64.Build.0 = Release|x64
		{0B144C65-02FC-47DC-8B20-5ECB00BF6036}.Release_CRT_NoOpt|x86.ActiveCfg = Release|Win32
		{0B144C65-02FC-47DC-8B20-5ECB00BF6036}.Release_CRT_NoOpt|x86.Build.0 = Release|Win32
		{0B144C65-02FC-47DC-8B20-5ECB00BF6036}.Release_NO_G112f|Mixed Platforms.ActiveCfg = Release|Win32
		{0B144C65-02FC-47DC-8B20-5ECB00BF6036}.Release_NO_G112f|Mixed Platforms.Build.0 = Release|Win32
		{0B144C65-02FC-47DC-8B20-5ECB00BF6036}.Release_NO_G112f|Win32.ActiveCfg = Release|Win32
		{0B144C65-02FC-47DC-8B20-5ECB00BF6036}.Release_NO_G112f|Win32.Build.0 = Release|Win32
		{0B144C65-02FC-47DC-8B20-5ECB00BF6036}.Release_NO_G112f|x64.ActiveCfg = Release|x64
		{0B144C65-02FC-47DC-8B20-5ECB00BF6036}.Release_NO_G112f|x64.Build.0 = Release|x64
		{0B144C65-02FC-47DC-8B20-5ECB00BF6036}.Release_NO_G112f|x86.ActiveCfg = Release|Win32
		{0B144C65-02FC-47DC-8B20-5ECB00BF6036}.Release_NO_G112f|x86.Build.0 = Release|Win32
		{0B144C65-02FC-47DC-8B20-5ECB00BF6036}.Release_NO_G18kmod|Mixed Platforms.ActiveCfg = Release|Win32
		{0B144C65-02FC-47DC-8B20-5ECB00BF6036}.Release_NO_G18kmod|Mixed Platforms.Build.0 = Release|Win32
		{0B144C65-02FC-47DC-8B20-5ECB00BF6036}.Release_NO_G18kmod|Win32.ActiveCfg = Release|Win32
		{0B144C65-02FC-47DC-8B20-5ECB00BF6036}.Release_NO_G18kmod|Win32.Build.0 = Release|Win32
		{0B144C65-02FC-47DC-8B20-5ECB00BF6036}.Release_NO_G18kmod|x64.ActiveCfg = Release|x64
		{0B144C65-02FC-47DC-8B20-5ECB00BF6036}.Release_NO_G18kmod|x64.Build.0 = Release|x64
		{0B144C65-02FC-47DC-8B20-5ECB00BF6036}.Release_NO_G18kmod|x86.ActiveCfg = Release|Win32
		{0B144C65-02FC-47DC-8B20-5ECB00BF6036}.Release_NO_G18kmod|x86.Build.0 = Release|Win32
		{0B144C65-02FC-47DC-8B20-5ECB00BF6036}.Release_NoOpt|Mixed Platforms.ActiveCfg = Release|Win32
		{0B144C65-02FC-47DC-8B20-5ECB00BF6036}.Release_NoOpt|Mixed Platforms.Build.0 = Release|Win32
		{0B144C65-02FC-47DC-8B20-5ECB00BF6036}.Release_NoOpt|Win32.ActiveCfg = Release|Win32
		{0B144C65-02FC-47DC-8B20-5ECB00BF6036}.Release_NoOpt|Win32.Build.0 = Release|Win32
		{0B144C65-02FC-47DC-8B20-5ECB00BF6036}.Release_NoOpt|x64.ActiveCfg = Release|x64
		{0B144C65-02FC-47DC-8B20-5ECB00BF6036}.Release_NoOpt|x64.Build.0 = Release|x64
		{0B144C65-02FC-47DC-8B20-5ECB00BF6036}.Release_NoOpt|x86.ActiveCfg = Release|Win32
		{0B144C65-02FC-47DC-8B20-5ECB00BF6036}.Release_NoOpt|x86.Build.0 = Release|Win32
		{0B144C65-02FC-47DC-8B20-5ECB00BF6036}.Release|Mixed Platforms.ActiveCfg = Release|Win32
		{0B144C65-02FC-47DC-8B20-5ECB00BF6036}.Release|Mixed Platforms.Build.0 = Release|Win32
		{0B144C65-02FC-47DC-8B20-5ECB00BF6036}.Release|Win32.ActiveCfg = Release|Win32
		{0B144C65-02FC-47DC-8B20-5ECB00BF6036}.Release|Win32.Build.0 = Release|Win32
		{0B144C65-02FC-47DC-8B20-5ECB00BF6036}.Release|x64.ActiveCfg = Release|x64
		{0B144C65-02FC-47DC-8B20-5ECB00BF6036}.Release|x64.Build.0 = Release|x64
		{0B144C65-02FC-47DC-8B20-5ECB00BF6036}.Release|x86.ActiveCfg = Release|Win32
		{0B144C65-02FC-47DC-8B20-5ECB00BF6036}.Release|x86.Build.0 = Release|Win32
	EndGlobalSection
	GlobalSection(SolutionProperties) = preSolution
		HideSolutionNode = FALSE
	EndGlobalSection
EndGlobal
