
Microsoft Visual Studio Solution File, Format Version 12.00
# Visual Studio 14
VisualStudioVersion = 14.0.23107.0
MinimumVisualStudioVersion = 10.0.40219.1
Project("{8BC9CEB8-8B4A-11D0-8D11-00A0C91BC942}") = "XGothicRnd", "XGothicRnd\XGothicRnd.vcxproj", "{28FFFAED-986B-4792-B0F6-2D8F18309D65}"
	ProjectSection(ProjectDependencies) = postProject
		{BFB5DA02-E4DD-4DA4-9668-E29C1B973E3E} = {BFB5DA02-E4DD-4DA4-9668-E29C1B973E3E}
		{34D102CA-7290-42EC-BA7D-5DFC648E960E} = {34D102CA-7290-42EC-BA7D-5DFC648E960E}
	EndProjectSection
EndProject
Project("{8BC9CEB8-8B4A-11D0-8D11-00A0C91BC942}") = "RenderingAPI", "RenderingAPI\RenderingAPI.vcxproj", "{34D102CA-7290-42EC-BA7D-5DFC648E960E}"
EndProject
Project("{8BC9CEB8-8B4A-11D0-8D11-00A0C91BC942}") = "MapHooks", "MapHooks\MapHooks.vcxproj", "{BFB5DA02-E4DD-4DA4-9668-E29C1B973E3E}"
EndProject
Project("{8BC9CEB8-8B4A-11D0-8D11-00A0C91BC942}") = "MemHeaderGen", "MemHeaderGen\MemHeaderGen.vcxproj", "{443FC682-6707-4D1A-ABD4-7319569D1E89}"
	ProjectSection(ProjectDependencies) = postProject
		{BFB5DA02-E4DD-4DA4-9668-E29C1B973E3E} = {BFB5DA02-E4DD-4DA4-9668-E29C1B973E3E}
	EndProjectSection
EndProject
Global
	GlobalSection(SolutionConfigurationPlatforms) = preSolution
		Debug|Mixed Platforms = Debug|Mixed Platforms
		Debug|Win32 = Debug|Win32
		Debug|x64 = Debug|x64
		Debug|x86 = Debug|x86
		Release_CRT_NoOpt|Mixed Platforms = Release_CRT_NoOpt|Mixed Platforms
		Release_CRT_NoOpt|Win32 = Release_CRT_NoOpt|Win32
		Release_CRT_NoOpt|x64 = Release_CRT_NoOpt|x64
		Release_CRT_NoOpt|x86 = Release_CRT_NoOpt|x86
		Release_NoOpt|Mixed Platforms = Release_NoOpt|Mixed Platforms
		Release_NoOpt|Win32 = Release_NoOpt|Win32
		Release_NoOpt|x64 = Release_NoOpt|x64
		Release_NoOpt|x86 = Release_NoOpt|x86
		Release|Mixed Platforms = Release|Mixed Platforms
		Release|Win32 = Release|Win32
		Release|x64 = Release|x64
		Release|x86 = Release|x86
	EndGlobalSection
	GlobalSection(ProjectConfigurationPlatforms) = postSolution
		{28FFFAED-986B-4792-B0F6-2D8F18309D65}.Debug|Mixed Platforms.ActiveCfg = Debug|Win32
		{28FFFAED-986B-4792-B0F6-2D8F18309D65}.Debug|Mixed Platforms.Build.0 = Debug|Win32
		{28FFFAED-986B-4792-B0F6-2D8F18309D65}.Debug|Win32.ActiveCfg = Debug|Win32
		{28FFFAED-986B-4792-B0F6-2D8F18309D65}.Debug|Win32.Build.0 = Debug|Win32
		{28FFFAED-986B-4792-B0F6-2D8F18309D65}.Debug|x64.ActiveCfg = Debug|x64
		{28FFFAED-986B-4792-B0F6-2D8F18309D65}.Debug|x64.Build.0 = Debug|x64
		{28FFFAED-986B-4792-B0F6-2D8F18309D65}.Debug|x86.ActiveCfg = Debug|Win32
		{28FFFAED-986B-4792-B0F6-2D8F18309D65}.Debug|x86.Build.0 = Debug|Win32
		{28FFFAED-986B-4792-B0F6-2D8F18309D65}.Release_CRT_NoOpt|Mixed Platforms.ActiveCfg = Release_CRT_NoOpt|Win32
		{28FFFAED-986B-4792-B0F6-2D8F18309D65}.Release_CRT_NoOpt|Mixed Platforms.Build.0 = Release_CRT_NoOpt|Win32
		{28FFFAED-986B-4792-B0F6-2D8F18309D65}.Release_CRT_NoOpt|Win32.ActiveCfg = Release_CRT_NoOpt|Win32
		{28FFFAED-986B-4792-B0F6-2D8F18309D65}.Release_CRT_NoOpt|Win32.Build.0 = Release_CRT_NoOpt|Win32
		{28FFFAED-986B-4792-B0F6-2D8F18309D65}.Release_CRT_NoOpt|x64.ActiveCfg = Release_CRT_NoOpt|x64
		{28FFFAED-986B-4792-B0F6-2D8F18309D65}.Release_CRT_NoOpt|x64.Build.0 = Release_CRT_NoOpt|x64
		{28FFFAED-986B-4792-B0F6-2D8F18309D65}.Release_CRT_NoOpt|x86.ActiveCfg = Release_CRT_NoOpt|Win32
		{28FFFAED-986B-4792-B0F6-2D8F18309D65}.Release_CRT_NoOpt|x86.Build.0 = Release_CRT_NoOpt|Win32
		{28FFFAED-986B-4792-B0F6-2D8F18309D65}.Release_NoOpt|Mixed Platforms.ActiveCfg = Release_NoOpt|Win32
		{28FFFAED-986B-4792-B0F6-2D8F18309D65}.Release_NoOpt|Mixed Platforms.Build.0 = Release_NoOpt|Win32
		{28FFFAED-986B-4792-B0F6-2D8F18309D65}.Release_NoOpt|Win32.ActiveCfg = Release_NoOpt|Win32
		{28FFFAED-986B-4792-B0F6-2D8F18309D65}.Release_NoOpt|Win32.Build.0 = Release_NoOpt|Win32
		{28FFFAED-986B-4792-B0F6-2D8F18309D65}.Release_NoOpt|x64.ActiveCfg = Release_NoOpt|x64
		{28FFFAED-986B-4792-B0F6-2D8F18309D65}.Release_NoOpt|x64.Build.0 = Release_NoOpt|x64
		{28FFFAED-986B-4792-B0F6-2D8F18309D65}.Release_NoOpt|x86.ActiveCfg = Release_NoOpt|Win32
		{28FFFAED-986B-4792-B0F6-2D8F18309D65}.Release_NoOpt|x86.Build.0 = Release_NoOpt|Win32
		{28FFFAED-986B-4792-B0F6-2D8F18309D65}.Release|Mixed Platforms.ActiveCfg = Release|Win32
		{28FFFAED-986B-4792-B0F6-2D8F18309D65}.Release|Mixed Platforms.Build.0 = Release|Win32
		{28FFFAED-986B-4792-B0F6-2D8F18309D65}.Release|Win32.ActiveCfg = Release|Win32
		{28FFFAED-986B-4792-B0F6-2D8F18309D65}.Release|Win32.Build.0 = Release|Win32
		{28FFFAED-986B-4792-B0F6-2D8F18309D65}.Release|x64.ActiveCfg = Release|x64
		{28FFFAED-986B-4792-B0F6-2D8F18309D65}.Release|x64.Build.0 = Release|x64
		{28FFFAED-986B-4792-B0F6-2D8F18309D65}.Release|x86.ActiveCfg = Release|Win32
		{28FFFAED-986B-4792-B0F6-2D8F18309D65}.Release|x86.Build.0 = Release|Win32
		{34D102CA-7290-42EC-BA7D-5DFC648E960E}.Debug|Mixed Platforms.ActiveCfg = Debug|Win32
		{34D102CA-7290-42EC-BA7D-5DFC648E960E}.Debug|Mixed Platforms.Build.0 = Debug|Win32
		{34D102CA-7290-42EC-BA7D-5DFC648E960E}.Debug|Win32.ActiveCfg = Debug|Win32
		{34D102CA-7290-42EC-BA7D-5DFC648E960E}.Debug|Win32.Build.0 = Debug|Win32
		{34D102CA-7290-42EC-BA7D-5DFC648E960E}.Debug|x64.ActiveCfg = Debug|x64
		{34D102CA-7290-42EC-BA7D-5DFC648E960E}.Debug|x64.Build.0 = Debug|x64
		{34D102CA-7290-42EC-BA7D-5DFC648E960E}.Debug|x86.ActiveCfg = Debug|Win32
		{34D102CA-7290-42EC-BA7D-5DFC648E960E}.Debug|x86.Build.0 = Debug|Win32
		{34D102CA-7290-42EC-BA7D-5DFC648E960E}.Release_CRT_NoOpt|Mixed Platforms.ActiveCfg = Release_CRT_NoOpt|Win32
		{34D102CA-7290-42EC-BA7D-5DFC648E960E}.Release_CRT_NoOpt|Mixed Platforms.Build.0 = Release_CRT_NoOpt|Win32
		{34D102CA-7290-42EC-BA7D-5DFC648E960E}.Release_CRT_NoOpt|Win32.ActiveCfg = Release_CRT_NoOpt|Win32
		{34D102CA-7290-42EC-BA7D-5DFC648E960E}.Release_CRT_NoOpt|Win32.Build.0 = Release_CRT_NoOpt|Win32
		{34D102CA-7290-42EC-BA7D-5DFC648E960E}.Release_CRT_NoOpt|x64.ActiveCfg = Release_CRT_NoOpt|x64
		{34D102CA-7290-42EC-BA7D-5DFC648E960E}.Release_CRT_NoOpt|x64.Build.0 = Release_CRT_NoOpt|x64
		{34D102CA-7290-42EC-BA7D-5DFC648E960E}.Release_CRT_NoOpt|x86.ActiveCfg = Release_CRT_NoOpt|Win32
		{34D102CA-7290-42EC-BA7D-5DFC648E960E}.Release_CRT_NoOpt|x86.Build.0 = Release_CRT_NoOpt|Win32
		{34D102CA-7290-42EC-BA7D-5DFC648E960E}.Release_NoOpt|Mixed Platforms.ActiveCfg = Release_NoOpt|Win32
		{34D102CA-7290-42EC-BA7D-5DFC648E960E}.Release_NoOpt|Mixed Platforms.Build.0 = Release_NoOpt|Win32
		{34D102CA-7290-42EC-BA7D-5DFC648E960E}.Release_NoOpt|Win32.ActiveCfg = Release_NoOpt|Win32
		{34D102CA-7290-42EC-BA7D-5DFC648E960E}.Release_NoOpt|Win32.Build.0 = Release_NoOpt|Win32
		{34D102CA-7290-42EC-BA7D-5DFC648E960E}.Release_NoOpt|x64.ActiveCfg = Release_NoOpt|x64
		{34D102CA-7290-42EC-BA7D-5DFC648E960E}.Release_NoOpt|x64.Build.0 = Release_NoOpt|x64
		{34D102CA-7290-42EC-BA7D-5DFC648E960E}.Release_NoOpt|x86.ActiveCfg = Release_NoOpt|Win32
		{34D102CA-7290-42EC-BA7D-5DFC648E960E}.Release_NoOpt|x86.Build.0 = Release_NoOpt|Win32
		{34D102CA-7290-42EC-BA7D-5DFC648E960E}.Release|Mixed Platforms.ActiveCfg = Release|Win32
		{34D102CA-7290-42EC-BA7D-5DFC648E960E}.Release|Mixed Platforms.Build.0 = Release|Win32
		{34D102CA-7290-42EC-BA7D-5DFC648E960E}.Release|Win32.ActiveCfg = Release|Win32
		{34D102CA-7290-42EC-BA7D-5DFC648E960E}.Release|Win32.Build.0 = Release|Win32
		{34D102CA-7290-42EC-BA7D-5DFC648E960E}.Release|x64.ActiveCfg = Release|x64
		{34D102CA-7290-42EC-BA7D-5DFC648E960E}.Release|x64.Build.0 = Release|x64
		{34D102CA-7290-42EC-BA7D-5DFC648E960E}.Release|x86.ActiveCfg = Release|Win32
		{34D102CA-7290-42EC-BA7D-5DFC648E960E}.Release|x86.Build.0 = Release|Win32
		{BFB5DA02-E4DD-4DA4-9668-E29C1B973E3E}.Debug|Mixed Platforms.ActiveCfg = Debug|Win32
		{BFB5DA02-E4DD-4DA4-9668-E29C1B973E3E}.Debug|Mixed Platforms.Build.0 = Debug|Win32
		{BFB5DA02-E4DD-4DA4-9668-E29C1B973E3E}.Debug|Win32.ActiveCfg = Debug|Win32
		{BFB5DA02-E4DD-4DA4-9668-E29C1B973E3E}.Debug|Win32.Build.0 = Debug|Win32
		{BFB5DA02-E4DD-4DA4-9668-E29C1B973E3E}.Debug|x64.ActiveCfg = Debug|Win32
		{BFB5DA02-E4DD-4DA4-9668-E29C1B973E3E}.Debug|x86.ActiveCfg = Debug|Win32
		{BFB5DA02-E4DD-4DA4-9668-E29C1B973E3E}.Debug|x86.Build.0 = Debug|Win32
		{BFB5DA02-E4DD-4DA4-9668-E29C1B973E3E}.Release_CRT_NoOpt|Mixed Platforms.ActiveCfg = Release_CRT_NoOpt|Win32
		{BFB5DA02-E4DD-4DA4-9668-E29C1B973E3E}.Release_CRT_NoOpt|Mixed Platforms.Build.0 = Release_CRT_NoOpt|Win32
		{BFB5DA02-E4DD-4DA4-9668-E29C1B973E3E}.Release_CRT_NoOpt|Win32.ActiveCfg = Release_CRT_NoOpt|Win32
		{BFB5DA02-E4DD-4DA4-9668-E29C1B973E3E}.Release_CRT_NoOpt|Win32.Build.0 = Release_CRT_NoOpt|Win32
		{BFB5DA02-E4DD-4DA4-9668-E29C1B973E3E}.Release_CRT_NoOpt|x64.ActiveCfg = Release_CRT_NoOpt|Win32
		{BFB5DA02-E4DD-4DA4-9668-E29C1B973E3E}.Release_CRT_NoOpt|x86.ActiveCfg = Release_CRT_NoOpt|Win32
		{BFB5DA02-E4DD-4DA4-9668-E29C1B973E3E}.Release_CRT_NoOpt|x86.Build.0 = Release_CRT_NoOpt|Win32
		{BFB5DA02-E4DD-4DA4-9668-E29C1B973E3E}.Release_NoOpt|Mixed Platforms.ActiveCfg = Release|Win32
		{BFB5DA02-E4DD-4DA4-9668-E29C1B973E3E}.Release_NoOpt|Mixed Platforms.Build.0 = Release|Win32
		{BFB5DA02-E4DD-4DA4-9668-E29C1B973E3E}.Release_NoOpt|Win32.ActiveCfg = Release|Win32
		{BFB5DA02-E4DD-4DA4-9668-E29C1B973E3E}.Release_NoOpt|Win32.Build.0 = Release|Win32
		{BFB5DA02-E4DD-4DA4-9668-E29C1B973E3E}.Release_NoOpt|x64.ActiveCfg = Release|Win32
		{BFB5DA02-E4DD-4DA4-9668-E29C1B973E3E}.Release_NoOpt|x86.ActiveCfg = Release|Win32
		{BFB5DA02-E4DD-4DA4-9668-E29C1B973E3E}.Release_NoOpt|x86.Build.0 = Release|Win32
		{BFB5DA02-E4DD-4DA4-9668-E29C1B973E3E}.Release|Mixed Platforms.ActiveCfg = Release|Win32
		{BFB5DA02-E4DD-4DA4-9668-E29C1B973E3E}.Release|Mixed Platforms.Build.0 = Release|Win32
		{BFB5DA02-E4DD-4DA4-9668-E29C1B973E3E}.Release|Win32.ActiveCfg = Release|Win32
		{BFB5DA02-E4DD-4DA4-9668-E29C1B973E3E}.Release|Win32.Build.0 = Release|Win32
		{BFB5DA02-E4DD-4DA4-9668-E29C1B973E3E}.Release|x64.ActiveCfg = Release|Win32
		{BFB5DA02-E4DD-4DA4-9668-E29C1B973E3E}.Release|x86.ActiveCfg = Release|Win32
		{BFB5DA02-E4DD-4DA4-9668-E29C1B973E3E}.Release|x86.Build.0 = Release|Win32
		{443FC682-6707-4D1A-ABD4-7319569D1E89}.Debug|Mixed Platforms.ActiveCfg = Debug|Win32
		{443FC682-6707-4D1A-ABD4-7319569D1E89}.Debug|Mixed Platforms.Build.0 = Debug|Win32
		{443FC682-6707-4D1A-ABD4-7319569D1E89}.Debug|Win32.ActiveCfg = Debug|Win32
		{443FC682-6707-4D1A-ABD4-7319569D1E89}.Debug|Win32.Build.0 = Debug|Win32
		{443FC682-6707-4D1A-ABD4-7319569D1E89}.Debug|x64.ActiveCfg = Debug|Win32
		{443FC682-6707-4D1A-ABD4-7319569D1E89}.Debug|x86.ActiveCfg = Debug|Win32
		{443FC682-6707-4D1A-ABD4-7319569D1E89}.Debug|x86.Build.0 = Debug|Win32
		{443FC682-6707-4D1A-ABD4-7319569D1E89}.Release_CRT_NoOpt|Mixed Platforms.ActiveCfg = Release_CRT_NoOpt|Win32
		{443FC682-6707-4D1A-ABD4-7319569D1E89}.Release_CRT_NoOpt|Mixed Platforms.Build.0 = Release_CRT_NoOpt|Win32
		{443FC682-6707-4D1A-ABD4-7319569D1E89}.Release_CRT_NoOpt|Win32.ActiveCfg = Release_CRT_NoOpt|Win32
		{443FC682-6707-4D1A-ABD4-7319569D1E89}.Release_CRT_NoOpt|Win32.Build.0 = Release_CRT_NoOpt|Win32
		{443FC682-6707-4D1A-ABD4-7319569D1E89}.Release_CRT_NoOpt|x64.ActiveCfg = Release_CRT_NoOpt|Win32
		{443FC682-6707-4D1A-ABD4-7319569D1E89}.Release_CRT_NoOpt|x86.ActiveCfg = Release_CRT_NoOpt|Win32
		{443FC682-6707-4D1A-ABD4-7319569D1E89}.Release_CRT_NoOpt|x86.Build.0 = Release_CRT_NoOpt|Win32
		{443FC682-6707-4D1A-ABD4-7319569D1E89}.Release_NoOpt|Mixed Platforms.ActiveCfg = Release|Win32
		{443FC682-6707-4D1A-ABD4-7319569D1E89}.Release_NoOpt|Mixed Platforms.Build.0 = Release|Win32
		{443FC682-6707-4D1A-ABD4-7319569D1E89}.Release_NoOpt|Win32.ActiveCfg = Release|Win32
		{443FC682-6707-4D1A-ABD4-7319569D1E89}.Release_NoOpt|Win32.Build.0 = Release|Win32
		{443FC682-6707-4D1A-ABD4-7319569D1E89}.Release_NoOpt|x64.ActiveCfg = Release|Win32
		{443FC682-6707-4D1A-ABD4-7319569D1E89}.Release_NoOpt|x86.ActiveCfg = Release|Win32
		{443FC682-6707-4D1A-ABD4-7319569D1E89}.Release_NoOpt|x86.Build.0 = Release|Win32
		{443FC682-6707-4D1A-ABD4-7319569D1E89}.Release|Mixed Platforms.ActiveCfg = Release|Win32
		{443FC682-6707-4D1A-ABD4-7319569D1E89}.Release|Mixed Platforms.Build.0 = Release|Win32
		{443FC682-6707-4D1A-ABD4-7319569D1E89}.Release|Win32.ActiveCfg = Release|Win32
		{443FC682-6707-4D1A-ABD4-7319569D1E89}.Release|Win32.Build.0 = Release|Win32
		{443FC682-6707-4D1A-ABD4-7319569D1E89}.Release|x64.ActiveCfg = Release|Win32
		{443FC682-6707-4D1A-ABD4-7319569D1E89}.Release|x86.ActiveCfg = Release|Win32
		{443FC682-6707-4D1A-ABD4-7319569D1E89}.Release|x86.Build.0 = Release|Win32
	EndGlobalSection
	GlobalSection(SolutionProperties) = preSolution
		HideSolutionNode = FALSE
	EndGlobalSection
EndGlobal
