
Microsoft Visual Studio Solution File, Format Version 12.00
# Visual Studio 14
VisualStudioVersion = 14.0.23107.0
MinimumVisualStudioVersion = 10.0.40219.1
Project("{8BC9CEB8-8B4A-11D0-8D11-00A0C91BC942}") = "XGothicRnd", "XGothicRnd\XGothicRnd.vcxproj", "{28FFFAED-986B-4792-B0F6-2D8F18309D65}"
	ProjectSection(ProjectDependencies) = postProject
		{BFB5DA02-E4DD-4DA4-9668-E29C1B973E3E} = {BFB5DA02-E4DD-4DA4-9668-E29C1B973E3E}
	EndProjectSection
EndProject
Project("{8BC9CEB8-8B4A-11D0-8D11-00A0C91BC942}") = "MapHooks", "MapHooks\MapHooks.vcxproj", "{BFB5DA02-E4DD-4DA4-9668-E29C1B973E3E}"
EndProject
Project("{8BC9CEB8-8B4A-11D0-8D11-00A0C91BC942}") = "MemHeaderGen", "MemHeaderGen\MemHeaderGen.vcxproj", "{443FC682-6707-4D1A-ABD4-7319569D1E89}"
	ProjectSection(ProjectDependencies) = postProject
		{BFB5DA02-E4DD-4DA4-9668-E29C1B973E3E} = {BFB5DA02-E4DD-4DA4-9668-E29C1B973E3E}
	EndProjectSection
EndProject
Project("{8BC9CEB8-8B4A-11D0-8D11-00A0C91BC942}") = "PluginLoader", "PluginLoader\PluginLoader.vcxproj", "{0B144C65-02FC-47DC-8B20-5ECB00BF6036}"
EndProject
Project("{8BC9CEB8-8B4A-11D0-8D11-00A0C91BC942}") = "RAPI", "RAPI\Build\RAPI.vcxproj", "{24358049-34F6-3550-BD6D-F179F4FAE0CD}"
EndProject
Global
	GlobalSection(SolutionConfigurationPlatforms) = preSolution
		Debug|Mixed Platforms = Debug|Mixed Platforms
		Debug|Win32 = Debug|Win32
		Debug|x64 = Debug|x64
		Debug|x86 = Debug|x86
		MinSizeRel|Mixed Platforms = MinSizeRel|Mixed Platforms
		MinSizeRel|Win32 = MinSizeRel|Win32
		MinSizeRel|x64 = MinSizeRel|x64
		MinSizeRel|x86 = MinSizeRel|x86
		Release_CRT_NoOpt|Mixed Platforms = Release_CRT_NoOpt|Mixed Platforms
		Release_CRT_NoOpt|Win32 = Release_CRT_NoOpt|Win32
		Release_CRT_NoOpt|x64 = Release_CRT_NoOpt|x64
		Release_CRT_NoOpt|x86 = Release_CRT_NoOpt|x86
		Release_NO_G112f|Mixed Platforms = Release_NO_G112f|Mixed Platforms
		Release_NO_G112f|Win32 = Release_NO_G112f|Win32
		Release_NO_G112f|x64 = Release_NO_G112f|x64
		Release_NO_G112f|x86 = Release_NO_G112f|x86
		Release_NO_G18kmod|Mixed Platforms = Release_NO_G18kmod|Mixed Platforms
		Release_NO_G18kmod|Win32 = Release_NO_G18kmod|Win32
		Release_NO_G18kmod|x64 = Release_NO_G18kmod|x64
		Release_NO_G18kmod|x86 = Release_NO_G18kmod|x86
		Release_NoOpt|Mixed Platforms = Release_NoOpt|Mixed Platforms
		Release_NoOpt|Win32 = Release_NoOpt|Win32
		Release_NoOpt|x64 = Release_NoOpt|x64
		Release_NoOpt|x86 = Release_NoOpt|x86
		Release|Mixed Platforms = Release|Mixed Platforms
		Release|Win32 = Release|Win32
		Release|x64 = Release|x64
		Release|x86 = Release|x86
		RelWithDebInfo|Mixed Platforms = RelWithDebInfo|Mixed Platforms
		RelWithDebInfo|Win32 = RelWithDebInfo|Win32
		RelWithDebInfo|x64 = RelWithDebInfo|x64
		RelWithDebInfo|x86 = RelWithDebInfo|x86
	EndGlobalSection
	GlobalSection(ProjectConfigurationPlatforms) = postSolution
		{28FFFAED-986B-4792-B0F6-2D8F18309D65}.Debug|Mixed Platforms.ActiveCfg = Release|Win32
		{28FFFAED-986B-4792-B0F6-2D8F18309D65}.Debug|Mixed Platforms.Build.0 = Release|Win32
		{28FFFAED-986B-4792-B0F6-2D8F18309D65}.Debug|Win32.ActiveCfg = Release|Win32
		{28FFFAED-986B-4792-B0F6-2D8F18309D65}.Debug|Win32.Build.0 = Release|Win32
		{28FFFAED-986B-4792-B0F6-2D8F18309D65}.Debug|x64.ActiveCfg = Release|x64
		{28FFFAED-986B-4792-B0F6-2D8F18309D65}.Debug|x64.Build.0 = Release|x64
		{28FFFAED-986B-4792-B0F6-2D8F18309D65}.Debug|x86.ActiveCfg = Release|Win32
		{28FFFAED-986B-4792-B0F6-2D8F18309D65}.Debug|x86.Build.0 = Release|Win32
		{28FFFAED-986B-4792-B0F6-2D8F18309D65}.MinSizeRel|Mixed Platforms.ActiveCfg = Release|Win32
		{28FFFAED-986B-4792-B0F6-2D8F18309D65}.MinSizeRel|Mixed Platforms.Build.0 = Release|Win32
		{28FFFAED-986B-4792-B0F6-2D8F18309D65}.MinSizeRel|Win32.ActiveCfg = Release|Win32
		{28FFFAED-986B-4792-B0F6-2D8F18309D65}.MinSizeRel|Win32.Build.0 = Release|Win32
		{28FFFAED-986B-4792-B0F6-2D8F18309D65}.MinSizeRel|x64.ActiveCfg = Release|x64
		{28FFFAED-986B-4792-B0F6-2D8F18309D65}.MinSizeRel|x64.Build.0 = Release|x64
		{28FFFAED-986B-4792-B0F6-2D8F18309D65}.MinSizeRel|x86.ActiveCfg = Release|Win32
		{28FFFAED-986B-4792-B0F6-2D8F18309D65}.MinSizeRel|x86.Build.0 = Release|Win32
		{28FFFAED-986B-4792-B0F6-2D8F18309D65}.Release_CRT_NoOpt|Mixed Platforms.ActiveCfg = Release_CRT_NoOpt|Win32
		{28FFFAED-986B-4792-B0F6-2D8F18309D65}.Release_CRT_NoOpt|Mixed Platforms.Build.0 = Release_CRT_NoOpt|Win32
		{28FFFAED-986B-4792-B0F6-2D8F18309D65}.Release_CRT_NoOpt|Win32.ActiveCfg = Release_CRT_NoOpt|Win32
		{28FFFAED-986B-4792-B0F6-2D8F18309D65}.Release_CRT_NoOpt|Win32.Build.0 = Release_CRT_NoOpt|Win32
		{28FFFAED-986B-4792-B0F6-2D8F18309D65}.Release_CRT_NoOpt|x64.ActiveCfg = Release_CRT_NoOpt|x64
		{28FFFAED-986B-4792-B0F6-2D8F18309D65}.Release_CRT_NoOpt|x64.Build.0 = Release_CRT_NoOpt|x64
		{28FFFAED-986B-4792-B0F6-2D8F18309D65}.Release_CRT_NoOpt|x86.ActiveCfg = Release_CRT_NoOpt|Win32
		{28FFFAED-986B-4792-B0F6-2D8F18309D65}.Release_CRT_NoOpt|x86.Build.0 = Release_CRT_NoOpt|Win32
		{28FFFAED-986B-4792-B0F6-2D8F18309D65}.Release_NO_G112f|Mixed Platforms.ActiveCfg = Release_NO_G112f|Win32
		{28FFFAED-986B-4792-B0F6-2D8F18309D65}.Release_NO_G112f|Mixed Platforms.Build.0 = Release_NO_G112f|Win32
		{28FFFAED-986B-4792-B0F6-2D8F18309D65}.Release_NO_G112f|Win32.ActiveCfg = Release_NO_G112f|Win32
		{28FFFAED-986B-4792-B0F6-2D8F18309D65}.Release_NO_G112f|Win32.Build.0 = Release_NO_G112f|Win32
		{28FFFAED-986B-4792-B0F6-2D8F18309D65}.Release_NO_G112f|x64.ActiveCfg = Release_NO_G112f|x64
		{28FFFAED-986B-4792-B0F6-2D8F18309D65}.Release_NO_G112f|x64.Build.0 = Release_NO_G112f|x64
		{28FFFAED-986B-4792-B0F6-2D8F18309D65}.Release_NO_G112f|x86.ActiveCfg = Release_NO_G112f|Win32
		{28FFFAED-986B-4792-B0F6-2D8F18309D65}.Release_NO_G112f|x86.Build.0 = Release_NO_G112f|Win32
		{28FFFAED-986B-4792-B0F6-2D8F18309D65}.Release_NO_G18kmod|Mixed Platforms.ActiveCfg = Release_NO_G18kmod|Win32
		{28FFFAED-986B-4792-B0F6-2D8F18309D65}.Release_NO_G18kmod|Mixed Platforms.Build.0 = Release_NO_G18kmod|Win32
		{28FFFAED-986B-4792-B0F6-2D8F18309D65}.Release_NO_G18kmod|Win32.ActiveCfg = Release_NO_G18kmod|Win32
		{28FFFAED-986B-4792-B0F6-2D8F18309D65}.Release_NO_G18kmod|Win32.Build.0 = Release_NO_G18kmod|Win32
		{28FFFAED-986B-4792-B0F6-2D8F18309D65}.Release_NO_G18kmod|x64.ActiveCfg = Release_NO_G18kmod|x64
		{28FFFAED-986B-4792-B0F6-2D8F18309D65}.Release_NO_G18kmod|x64.Build.0 = Release_NO_G18kmod|x64
		{28FFFAED-986B-4792-B0F6-2D8F18309D65}.Release_NO_G18kmod|x86.ActiveCfg = Release_NO_G18kmod|Win32
		{28FFFAED-986B-4792-B0F6-2D8F18309D65}.Release_NO_G18kmod|x86.Build.0 = Release_NO_G18kmod|Win32
		{28FFFAED-986B-4792-B0F6-2D8F18309D65}.Release_NoOpt|Mixed Platforms.ActiveCfg = Release_NoOpt|Win32
		{28FFFAED-986B-4792-B0F6-2D8F18309D65}.Release_NoOpt|Mixed Platforms.Build.0 = Release_NoOpt|Win32
		{28FFFAED-986B-4792-B0F6-2D8F18309D65}.Release_NoOpt|Win32.ActiveCfg = Release_NoOpt|Win32
		{28FFFAED-986B-4792-B0F6-2D8F18309D65}.Release_NoOpt|Win32.Build.0 = Release_NoOpt|Win32
		{28FFFAED-986B-4792-B0F6-2D8F18309D65}.Release_NoOpt|x64.ActiveCfg = Release_NoOpt|x64
		{28FFFAED-986B-4792-B0F6-2D8F18309D65}.Release_NoOpt|x64.Build.0 = Release_NoOpt|x64
		{28FFFAED-986B-4792-B0F6-2D8F18309D65}.Release_NoOpt|x86.ActiveCfg = Release_NoOpt|Win32
		{28FFFAED-986B-4792-B0F6-2D8F18309D65}.Release_NoOpt|x86.Build.0 = Release_NoOpt|Win32
		{28FFFAED-986B-4792-B0F6-2D8F18309D65}.Release|Mixed Platforms.ActiveCfg = Release|Win32
		{28FFFAED-986B-4792-B0F6-2D8F18309D65}.Release|Mixed Platforms.Build.0 = Release|Win32
		{28FFFAED-986B-4792-B0F6-2D8F18309D65}.Release|Win32.ActiveCfg = Release|Win32
		{28FFFAED-986B-4792-B0F6-2D8F18309D65}.Release|Win32.Build.0 = Release|Win32
		{28FFFAED-986B-4792-B0F6-2D8F18309D65}.Release|x64.ActiveCfg = Release|x64
		{28FFFAED-986B-4792-B0F6-2D8F18309D65}.Release|x64.Build.0 = Release|x64
		{28FFFAED-986B-4792-B0F6-2D8F18309D65}.Release|x86.ActiveCfg = Release|Win32
		{28FFFAED-986B-4792-B0F6-2D8F18309D65}.Release|x86.Build.0 = Release|Win32
		{28FFFAED-986B-4792-B0F6-2D8F18309D65}.RelWithDebInfo|Mixed Platforms.ActiveCfg = Release|Win32
		{28FFFAED-986B-4792-B0F6-2D8F18309D65}.RelWithDebInfo|Mixed Platforms.Build.0 = Release|Win32
		{28FFFAED-986B-4792-B0F6-2D8F18309D65}.RelWithDebInfo|Win32.ActiveCfg = Release|Win32
		{28FFFAED-986B-4792-B0F6-2D8F18309D65}.RelWithDebInfo|Win32.Build.0 = Release|Win32
		{28FFFAED-986B-4792-B0F6-2D8F18309D65}.RelWithDebInfo|x64.ActiveCfg = Release|x64
		{28FFFAED-986B-4792-B0F6-2D8F18309D65}.RelWithDebInfo|x64.Build.0 = Release|x64
		{28FFFAED-986B-4792-B0F6-2D8F18309D65}.RelWithDebInfo|x86.ActiveCfg = Release|Win32
		{28FFFAED-986B-4792-B0F6-2D8F18309D65}.RelWithDebInfo|x86.Build.0 = Release|Win32
		{BFB5DA02-E4DD-4DA4-9668-E29C1B973E3E}.Debug|Mixed Platforms.ActiveCfg = Release|Win32
		{BFB5DA02-E4DD-4DA4-9668-E29C1B973E3E}.Debug|Mixed Platforms.Build.0 = Release|Win32
		{BFB5DA02-E4DD-4DA4-9668-E29C1B973E3E}.Debug|Win32.ActiveCfg = Release|Win32
		{BFB5DA02-E4DD-4DA4-9668-E29C1B973E3E}.Debug|Win32.Build.0 = Release|Win32
		{BFB5DA02-E4DD-4DA4-9668-E29C1B973E3E}.Debug|x64.ActiveCfg = Release|Win32
		{BFB5DA02-E4DD-4DA4-9668-E29C1B973E3E}.Debug|x64.Build.0 = Release|Win32
		{BFB5DA02-E4DD-4DA4-9668-E29C1B973E3E}.Debug|x86.ActiveCfg = Release|Win32
		{BFB5DA02-E4DD-4DA4-9668-E29C1B973E3E}.Debug|x86.Build.0 = Release|Win32
		{BFB5DA02-E4DD-4DA4-9668-E29C1B973E3E}.MinSizeRel|Mixed Platforms.ActiveCfg = Release|Win32
		{BFB5DA02-E4DD-4DA4-9668-E29C1B973E3E}.MinSizeRel|Mixed Platforms.Build.0 = Release|Win32
		{BFB5DA02-E4DD-4DA4-9668-E29C1B973E3E}.MinSizeRel|Win32.ActiveCfg = Release|Win32
		{BFB5DA02-E4DD-4DA4-9668-E29C1B973E3E}.MinSizeRel|Win32.Build.0 = Release|Win32
		{BFB5DA02-E4DD-4DA4-9668-E29C1B973E3E}.MinSizeRel|x64.ActiveCfg = Release|Win32
		{BFB5DA02-E4DD-4DA4-9668-E29C1B973E3E}.MinSizeRel|x64.Build.0 = Release|Win32
		{BFB5DA02-E4DD-4DA4-9668-E29C1B973E3E}.MinSizeRel|x86.ActiveCfg = Release|Win32
		{BFB5DA02-E4DD-4DA4-9668-E29C1B973E3E}.MinSizeRel|x86.Build.0 = Release|Win32
		{BFB5DA02-E4DD-4DA4-9668-E29C1B973E3E}.Release_CRT_NoOpt|Mixed Platforms.ActiveCfg = Release|Win32
		{BFB5DA02-E4DD-4DA4-9668-E29C1B973E3E}.Release_CRT_NoOpt|Mixed Platforms.Build.0 = Release|Win32
		{BFB5DA02-E4DD-4DA4-9668-E29C1B973E3E}.Release_CRT_NoOpt|Win32.ActiveCfg = Release|Win32
		{BFB5DA02-E4DD-4DA4-9668-E29C1B973E3E}.Release_CRT_NoOpt|Win32.Build.0 = Release|Win32
		{BFB5DA02-E4DD-4DA4-9668-E29C1B973E3E}.Release_CRT_NoOpt|x64.ActiveCfg = Release|Win32
		{BFB5DA02-E4DD-4DA4-9668-E29C1B973E3E}.Release_CRT_NoOpt|x64.Build.0 = Release|Win32
		{BFB5DA02-E4DD-4DA4-9668-E29C1B973E3E}.Release_CRT_NoOpt|x86.ActiveCfg = Release|Win32
		{BFB5DA02-E4DD-4DA4-9668-E29C1B973E3E}.Release_CRT_NoOpt|x86.Build.0 = Release|Win32
		{BFB5DA02-E4DD-4DA4-9668-E29C1B973E3E}.Release_NO_G112f|Mixed Platforms.ActiveCfg = Release|Win32
		{BFB5DA02-E4DD-4DA4-9668-E29C1B973E3E}.Release_NO_G112f|Mixed Platforms.Build.0 = Release|Win32
		{BFB5DA02-E4DD-4DA4-9668-E29C1B973E3E}.Release_NO_G112f|Win32.ActiveCfg = Release|Win32
		{BFB5DA02-E4DD-4DA4-9668-E29C1B973E3E}.Release_NO_G112f|Win32.Build.0 = Release|Win32
		{BFB5DA02-E4DD-4DA4-9668-E29C1B973E3E}.Release_NO_G112f|x64.ActiveCfg = Release|Win32
		{BFB5DA02-E4DD-4DA4-9668-E29C1B973E3E}.Release_NO_G112f|x64.Build.0 = Release|Win32
		{BFB5DA02-E4DD-4DA4-9668-E29C1B973E3E}.Release_NO_G112f|x86.ActiveCfg = Release|Win32
		{BFB5DA02-E4DD-4DA4-9668-E29C1B973E3E}.Release_NO_G112f|x86.Build.0 = Release|Win32
		{BFB5DA02-E4DD-4DA4-9668-E29C1B973E3E}.Release_NO_G18kmod|Mixed Platforms.ActiveCfg = Release|Win32
		{BFB5DA02-E4DD-4DA4-9668-E29C1B973E3E}.Release_NO_G18kmod|Mixed Platforms.Build.0 = Release|Win32
		{BFB5DA02-E4DD-4DA4-9668-E29C1B973E3E}.Release_NO_G18kmod|Win32.ActiveCfg = Release|Win32
		{BFB5DA02-E4DD-4DA4-9668-E29C1B973E3E}.Release_NO_G18kmod|Win32.Build.0 = Release|Win32
		{BFB5DA02-E4DD-4DA4-9668-E29C1B973E3E}.Release_NO_G18kmod|x64.ActiveCfg = Release|Win32
		{BFB5DA02-E4DD-4DA4-9668-E29C1B973E3E}.Release_NO_G18kmod|x64.Build.0 = Release|Win32
		{BFB5DA02-E4DD-4DA4-9668-E29C1B973E3E}.Release_NO_G18kmod|x86.ActiveCfg = Release|Win32
		{BFB5DA02-E4DD-4DA4-9668-E29C1B973E3E}.Release_NO_G18kmod|x86.Build.0 = Release|Win32
		{BFB5DA02-E4DD-4DA4-9668-E29C1B973E3E}.Release_NoOpt|Mixed Platforms.ActiveCfg = Release|Win32
		{BFB5DA02-E4DD-4DA4-9668-E29C1B973E3E}.Release_NoOpt|Mixed Platforms.Build.0 = Release|Win32
		{BFB5DA02-E4DD-4DA4-9668-E29C1B973E3E}.Release_NoOpt|Win32.ActiveCfg = Release|Win32
		{BFB5DA02-E4DD-4DA4-9668-E29C1B973E3E}.Release_NoOpt|Win32.Build.0 = Release|Win32
		{BFB5DA02-E4DD-4DA4-9668-E29C1B973E3E}.Release_NoOpt|x64.ActiveCfg = Release|Win32
		{BFB5DA02-E4DD-4DA4-9668-E29C1B973E3E}.Release_NoOpt|x86.ActiveCfg = Release|Win32
		{BFB5DA02-E4DD-4DA4-9668-E29C1B973E3E}.Release_NoOpt|x86.Build.0 = Release|Win32
		{BFB5DA02-E4DD-4DA4-9668-E29C1B973E3E}.Release|Mixed Platforms.ActiveCfg = Release|Win32
		{BFB5DA02-E4DD-4DA4-9668-E29C1B973E3E}.Release|Mixed Platforms.Build.0 = Release|Win32
		{BFB5DA02-E4DD-4DA4-9668-E29C1B973E3E}.Release|Win32.ActiveCfg = Release|Win32
		{BFB5DA02-E4DD-4DA4-9668-E29C1B973E3E}.Release|Win32.Build.0 = Release|Win32
		{BFB5DA02-E4DD-4DA4-9668-E29C1B973E3E}.Release|x64.ActiveCfg = Release|Win32
		{BFB5DA02-E4DD-4DA4-9668-E29C1B973E3E}.Release|x86.ActiveCfg = Release|Win32
		{BFB5DA02-E4DD-4DA4-9668-E29C1B973E3E}.Release|x86.Build.0 = Release|Win32
		{BFB5DA02-E4DD-4DA4-9668-E29C1B973E3E}.RelWithDebInfo|Mixed Platforms.ActiveCfg = Release|Win32
		{BFB5DA02-E4DD-4DA4-9668-E29C1B973E3E}.RelWithDebInfo|Mixed Platforms.Build.0 = Release|Win32
		{BFB5DA02-E4DD-4DA4-9668-E29C1B973E3E}.RelWithDebInfo|Win32.ActiveCfg = Release|Win32
		{BFB5DA02-E4DD-4DA4-9668-E29C1B973E3E}.RelWithDebInfo|Win32.Build.0 = Release|Win32
		{BFB5DA02-E4DD-4DA4-9668-E29C1B973E3E}.RelWithDebInfo|x64.ActiveCfg = Release|Win32
		{BFB5DA02-E4DD-4DA4-9668-E29C1B973E3E}.RelWithDebInfo|x64.Build.0 = Release|Win32
		{BFB5DA02-E4DD-4DA4-9668-E29C1B973E3E}.RelWithDebInfo|x86.ActiveCfg = Release|Win32
		{BFB5DA02-E4DD-4DA4-9668-E29C1B973E3E}.RelWithDebInfo|x86.Build.0 = Release|Win32
		{443FC682-6707-4D1A-ABD4-7319569D1E89}.Debug|Mixed Platforms.ActiveCfg = Debug|Win32
		{443FC682-6707-4D1A-ABD4-7319569D1E89}.Debug|Mixed Platforms.Build.0 = Debug|Win32
		{443FC682-6707-4D1A-ABD4-7319569D1E89}.Debug|Win32.ActiveCfg = Debug|Win32
		{443FC682-6707-4D1A-ABD4-7319569D1E89}.Debug|Win32.Build.0 = Debug|Win32
		{443FC682-6707-4D1A-ABD4-7319569D1E89}.Debug|x64.ActiveCfg = Debug|Win32
		{443FC682-6707-4D1A-ABD4-7319569D1E89}.Debug|x86.ActiveCfg = Debug|Win32
		{443FC682-6707-4D1A-ABD4-7319569D1E89}.Debug|x86.Build.0 = Debug|Win32
		{443FC682-6707-4D1A-ABD4-7319569D1E89}.MinSizeRel|Mixed Platforms.ActiveCfg = Debug|Win32
		{443FC682-6707-4D1A-ABD4-7319569D1E89}.MinSizeRel|Mixed Platforms.Build.0 = Debug|Win32
		{443FC682-6707-4D1A-ABD4-7319569D1E89}.MinSizeRel|Win32.ActiveCfg = Debug|Win32
		{443FC682-6707-4D1A-ABD4-7319569D1E89}.MinSizeRel|Win32.Build.0 = Debug|Win32
		{443FC682-6707-4D1A-ABD4-7319569D1E89}.MinSizeRel|x64.ActiveCfg = Debug|Win32
		{443FC682-6707-4D1A-ABD4-7319569D1E89}.MinSizeRel|x64.Build.0 = Debug|Win32
		{443FC682-6707-4D1A-ABD4-7319569D1E89}.MinSizeRel|x86.ActiveCfg = Debug|Win32
		{443FC682-6707-4D1A-ABD4-7319569D1E89}.MinSizeRel|x86.Build.0 = Debug|Win32
		{443FC682-6707-4D1A-ABD4-7319569D1E89}.Release_CRT_NoOpt|Mixed Platforms.ActiveCfg = Release|Win32
		{443FC682-6707-4D1A-ABD4-7319569D1E89}.Release_CRT_NoOpt|Mixed Platforms.Build.0 = Release|Win32
		{443FC682-6707-4D1A-ABD4-7319569D1E89}.Release_CRT_NoOpt|Win32.ActiveCfg = Release|Win32
		{443FC682-6707-4D1A-ABD4-7319569D1E89}.Release_CRT_NoOpt|Win32.Build.0 = Release|Win32
		{443FC682-6707-4D1A-ABD4-7319569D1E89}.Release_CRT_NoOpt|x64.ActiveCfg = Release|Win32
		{443FC682-6707-4D1A-ABD4-7319569D1E89}.Release_CRT_NoOpt|x64.Build.0 = Release|Win32
		{443FC682-6707-4D1A-ABD4-7319569D1E89}.Release_CRT_NoOpt|x86.ActiveCfg = Release|Win32
		{443FC682-6707-4D1A-ABD4-7319569D1E89}.Release_CRT_NoOpt|x86.Build.0 = Release|Win32
		{443FC682-6707-4D1A-ABD4-7319569D1E89}.Release_NO_G112f|Mixed Platforms.ActiveCfg = Release|Win32
		{443FC682-6707-4D1A-ABD4-7319569D1E89}.Release_NO_G112f|Mixed Platforms.Build.0 = Release|Win32
		{443FC682-6707-4D1A-ABD4-7319569D1E89}.Release_NO_G112f|Win32.ActiveCfg = Release|Win32
		{443FC682-6707-4D1A-ABD4-7319569D1E89}.Release_NO_G112f|Win32.Build.0 = Release|Win32
		{443FC682-6707-4D1A-ABD4-7319569D1E89}.Release_NO_G112f|x64.ActiveCfg = Release|Win32
		{443FC682-6707-4D1A-ABD4-7319569D1E89}.Release_NO_G112f|x64.Build.0 = Release|Win32
		{443FC682-6707-4D1A-ABD4-7319569D1E89}.Release_NO_G112f|x86.ActiveCfg = Release|Win32
		{443FC682-6707-4D1A-ABD4-7319569D1E89}.Release_NO_G112f|x86.Build.0 = Release|Win32
		{443FC682-6707-4D1A-ABD4-7319569D1E89}.Release_NO_G18kmod|Mixed Platforms.ActiveCfg = Release|Win32
		{443FC682-6707-4D1A-ABD4-7319569D1E89}.Release_NO_G18kmod|Mixed Platforms.Build.0 = Release|Win32
		{443FC682-6707-4D1A-ABD4-7319569D1E89}.Release_NO_G18kmod|Win32.ActiveCfg = Release|Win32
		{443FC682-6707-4D1A-ABD4-7319569D1E89}.Release_NO_G18kmod|Win32.Build.0 = Release|Win32
		{443FC682-6707-4D1A-ABD4-7319569D1E89}.Release_NO_G18kmod|x64.ActiveCfg = Release|Win32
		{443FC682-6707-4D1A-ABD4-7319569D1E89}.Release_NO_G18kmod|x64.Build.0 = Release|Win32
		{443FC682-6707-4D1A-ABD4-7319569D1E89}.Release_NO_G18kmod|x86.ActiveCfg = Release|Win32
		{443FC682-6707-4D1A-ABD4-7319569D1E89}.Release_NO_G18kmod|x86.Build.0 = Release|Win32
		{443FC682-6707-4D1A-ABD4-7319569D1E89}.Release_NoOpt|Mixed Platforms.ActiveCfg = Release|Win32
		{443FC682-6707-4D1A-ABD4-7319569D1E89}.Release_NoOpt|Mixed Platforms.Build.0 = Release|Win32
		{443FC682-6707-4D1A-ABD4-7319569D1E89}.Release_NoOpt|Win32.ActiveCfg = Release|Win32
		{443FC682-6707-4D1A-ABD4-7319569D1E89}.Release_NoOpt|Win32.Build.0 = Release|Win32
		{443FC682-6707-4D1A-ABD4-7319569D1E89}.Release_NoOpt|x64.ActiveCfg = Release|Win32
		{443FC682-6707-4D1A-ABD4-7319569D1E89}.Release_NoOpt|x86.ActiveCfg = Release|Win32
		{443FC682-6707-4D1A-ABD4-7319569D1E89}.Release_NoOpt|x86.Build.0 = Release|Win32
		{443FC682-6707-4D1A-ABD4-7319569D1E89}.Release|Mixed Platforms.ActiveCfg = Release|Win32
		{443FC682-6707-4D1A-ABD4-7319569D1E89}.Release|Mixed Platforms.Build.0 = Release|Win32
		{443FC682-6707-4D1A-ABD4-7319569D1E89}.Release|Win32.ActiveCfg = Release|Win32
		{443FC682-6707-4D1A-ABD4-7319569D1E89}.Release|Win32.Build.0 = Release|Win32
		{443FC682-6707-4D1A-ABD4-7319569D1E89}.Release|x64.ActiveCfg = Release|Win32
		{443FC682-6707-4D1A-ABD4-7319569D1E89}.Release|x86.ActiveCfg = Release|Win32
		{443FC682-6707-4D1A-ABD4-7319569D1E89}.Release|x86.Build.0 = Release|Win32
		{443FC682-6707-4D1A-ABD4-7319569D1E89}.RelWithDebInfo|Mixed Platforms.ActiveCfg = Release|Win32
		{443FC682-6707-4D1A-ABD4-7319569D1E89}.RelWithDebInfo|Mixed Platforms.Build.0 = Release|Win32
		{443FC682-6707-4D1A-ABD4-7319569D1E89}.RelWithDebInfo|Win32.ActiveCfg = Release|Win32
		{443FC682-6707-4D1A-ABD4-7319569D1E89}.RelWithDebInfo|Win32.Build.0 = Release|Win32
		{443FC682-6707-4D1A-ABD4-7319569D1E89}.RelWithDebInfo|x64.ActiveCfg = Debug|Win32
		{443FC682-6707-4D1A-ABD4-7319569D1E89}.RelWithDebInfo|x64.Build.0 = Debug|Win32
		{443FC682-6707-4D1A-ABD4-7319569D1E89}.RelWithDebInfo|x86.ActiveCfg = Release|Win32
		{443FC682-6707-4D1A-ABD4-7319569D1E89}.RelWithDebInfo|x86.Build.0 = Release|Win32
		{0B144C65-02FC-47DC-8B20-5ECB00BF6036}.Debug|Mixed Platforms.ActiveCfg = Debug|Win32
		{0B144C65-02FC-47DC-8B20-5ECB00BF6036}.Debug|Mixed Platforms.Build.0 = Debug|Win32
		{0B144C65-02FC-47DC-8B20-5ECB00BF6036}.Debug|Win32.ActiveCfg = Debug|Win32
		{0B144C65-02FC-47DC-8B20-5ECB00BF6036}.Debug|Win32.Build.0 = Debug|Win32
		{0B144C65-02FC-47DC-8B20-5ECB00BF6036}.Debug|x64.ActiveCfg = Debug|x64
		{0B144C65-02FC-47DC-8B20-5ECB00BF6036}.Debug|x64.Build.0 = Debug|x64
		{0B144C65-02FC-47DC-8B20-5ECB00BF6036}.Debug|x86.ActiveCfg = Debug|Win32
		{0B144C65-02FC-47DC-8B20-5ECB00BF6036}.Debug|x86.Build.0 = Debug|Win32
		{0B144C65-02FC-47DC-8B20-5ECB00BF6036}.MinSizeRel|Mixed Platforms.ActiveCfg = Debug|Win32
		{0B144C65-02FC-47DC-8B20-5ECB00BF6036}.MinSizeRel|Mixed Platforms.Build.0 = Debug|Win32
		{0B144C65-02FC-47DC-8B20-5ECB00BF6036}.MinSizeRel|Win32.ActiveCfg = Debug|Win32
		{0B144C65-02FC-47DC-8B20-5ECB00BF6036}.MinSizeRel|Win32.Build.0 = Debug|Win32
		{0B144C65-02FC-47DC-8B20-5ECB00BF6036}.MinSizeRel|x64.ActiveCfg = Debug|x64
		{0B144C65-02FC-47DC-8B20-5ECB00BF6036}.MinSizeRel|x64.Build.0 = Debug|x64
		{0B144C65-02FC-47DC-8B20-5ECB00BF6036}.MinSizeRel|x86.ActiveCfg = Debug|Win32
		{0B144C65-02FC-47DC-8B20-5ECB00BF6036}.MinSizeRel|x86.Build.0 = Debug|Win32
		{0B144C65-02FC-47DC-8B20-5ECB00BF6036}.Release_CRT_NoOpt|Mixed Platforms.ActiveCfg = Release|Win32
		{0B144C65-02FC-47DC-8B20-5ECB00BF6036}.Release_CRT_NoOpt|Mixed Platforms.Build.0 = Release|Win32
		{0B144C65-02FC-47DC-8B20-5ECB00BF6036}.Release_CRT_NoOpt|Win32.ActiveCfg = Release|Win32
		{0B144C65-02FC-47DC-8B20-5ECB00BF6036}.Release_CRT_NoOpt|Win32.Build.0 = Release|Win32
		{0B144C65-02FC-47DC-8B20-5ECB00BF6036}.Release_CRT_NoOpt|x64.ActiveCfg = Release|x64
		{0B144C65-02FC-47DC-8B20-5ECB00BF6036}.Release_CRT_NoOpt|x64.Build.0 = Release|x64
		{0B144C65-02FC-47DC-8B20-5ECB00BF6036}.Release_CRT_NoOpt|x86.ActiveCfg = Release|Win32
		{0B144C65-02FC-47DC-8B20-5ECB00BF6036}.Release_CRT_NoOpt|x86.Build.0 = Release|Win32
		{0B144C65-02FC-47DC-8B20-5ECB00BF6036}.Release_NO_G112f|Mixed Platforms.ActiveCfg = Release|Win32
		{0B144C65-02FC-47DC-8B20-5ECB00BF6036}.Release_NO_G112f|Mixed Platforms.Build.0 = Release|Win32
		{0B144C65-02FC-47DC-8B20-5ECB00BF6036}.Release_NO_G112f|Win32.ActiveCfg = Release|Win32
		{0B144C65-02FC-47DC-8B20-5ECB00BF6036}.Release_NO_G112f|Win32.Build.0 = Release|Win32
		{0B144C65-02FC-47DC-8B20-5ECB00BF6036}.Release_NO_G112f|x64.ActiveCfg = Release|x64
		{0B144C65-02FC-47DC-8B20-5ECB00BF6036}.Release_NO_G112f|x64.Build.0 = Release|x64
		{0B144C65-02FC-47DC-8B20-5ECB00BF6036}.Release_NO_G112f|x86.ActiveCfg = Release|Win32
		{0B144C65-02FC-47DC-8B20-5ECB00BF6036}.Release_NO_G112f|x86.Build.0 = Release|Win32
		{0B144C65-02FC-47DC-8B20-5ECB00BF6036}.Release_NO_G18kmod|Mixed Platforms.ActiveCfg = Release|Win32
		{0B144C65-02FC-47DC-8B20-5ECB00BF6036}.Release_NO_G18kmod|Mixed Platforms.Build.0 = Release|Win32
		{0B144C65-02FC-47DC-8B20-5ECB00BF6036}.Release_NO_G18kmod|Win32.ActiveCfg = Release|Win32
		{0B144C65-02FC-47DC-8B20-5ECB00BF6036}.Release_NO_G18kmod|Win32.Build.0 = Release|Win32
		{0B144C65-02FC-47DC-8B20-5ECB00BF6036}.Release_NO_G18kmod|x64.ActiveCfg = Release|x64
		{0B144C65-02FC-47DC-8B20-5ECB00BF6036}.Release_NO_G18kmod|x64.Build.0 = Release|x64
		{0B144C65-02FC-47DC-8B20-5ECB00BF6036}.Release_NO_G18kmod|x86.ActiveCfg = Release|Win32
		{0B144C65-02FC-47DC-8B20-5ECB00BF6036}.Release_NO_G18kmod|x86.Build.0 = Release|Win32
		{0B144C65-02FC-47DC-8B20-5ECB00BF6036}.Release_NoOpt|Mixed Platforms.ActiveCfg = Release|Win32
		{0B144C65-02FC-47DC-8B20-5ECB00BF6036}.Release_NoOpt|Mixed Platforms.Build.0 = Release|Win32
		{0B144C65-02FC-47DC-8B20-5ECB00BF6036}.Release_NoOpt|Win32.ActiveCfg = Release|Win32
		{0B144C65-02FC-47DC-8B20-5ECB00BF6036}.Release_NoOpt|Win32.Build.0 = Release|Win32
		{0B144C65-02FC-47DC-8B20-5ECB00BF6036}.Release_NoOpt|x64.ActiveCfg = Release|x64
		{0B144C65-02FC-47DC-8B20-5ECB00BF6036}.Release_NoOpt|x64.Build.0 = Release|x64
		{0B144C65-02FC-47DC-8B20-5ECB00BF6036}.Release_NoOpt|x86.ActiveCfg = Release|Win32
		{0B144C65-02FC-47DC-8B20-5ECB00BF6036}.Release_NoOpt|x86.Build.0 = Release|Win32
		{0B144C65-02FC-47DC-8B20-5ECB00BF6036}.Release|Mixed Platforms.ActiveCfg = Release|Win32
		{0B144C65-02FC-47DC-8B20-5ECB00BF6036}.Release|Mixed Platforms.Build.0 = Release|Win32
		{0B144C65-02FC-47DC-8B20-5ECB00BF6036}.Release|Win32.ActiveCfg = Release|Win32
		{0B144C65-02FC-47DC-8B20-5ECB00BF6036}.Release|Win32.Build.0 = Release|Win32
		{0B144C65-02FC-47DC-8B20-5ECB00BF6036}.Release|x64.ActiveCfg = Release|x64
		{0B144C65-02FC-47DC-8B20-5ECB00BF6036}.Release|x64.Build.0 = Release|x64
		{0B144C65-02FC-47DC-8B20-5ECB00BF6036}.Release|x86.ActiveCfg = Release|Win32
		{0B144C65-02FC-47DC-8B20-5ECB00BF6036}.Release|x86.Build.0 = Release|Win32
		{0B144C65-02FC-47DC-8B20-5ECB00BF6036}.RelWithDebInfo|Mixed Platforms.ActiveCfg = Release|Win32
		{0B144C65-02FC-47DC-8B20-5ECB00BF6036}.RelWithDebInfo|Mixed Platforms.Build.0 = Release|Win32
		{0B144C65-02FC-47DC-8B20-5ECB00BF6036}.RelWithDebInfo|Win32.ActiveCfg = Release|Win32
		{0B144C65-02FC-47DC-8B20-5ECB00BF6036}.RelWithDebInfo|Win32.Build.0 = Release|Win32
		{0B144C65-02FC-47DC-8B20-5ECB00BF6036}.RelWithDebInfo|x64.ActiveCfg = Release|x64
		{0B144C65-02FC-47DC-8B20-5ECB00BF6036}.RelWithDebInfo|x64.Build.0 = Release|x64
		{0B144C65-02FC-47DC-8B20-5ECB00BF6036}.RelWithDebInfo|x86.ActiveCfg = Release|Win32
		{0B144C65-02FC-47DC-8B20-5ECB00BF6036}.RelWithDebInfo|x86.Build.0 = Release|Win32
		{24358049-34F6-3550-BD6D-F179F4FAE0CD}.Debug|Mixed Platforms.ActiveCfg = Debug|Win32
		{24358049-34F6-3550-BD6D-F179F4FAE0CD}.Debug|Mixed Platforms.Build.0 = Debug|Win32
		{24358049-34F6-3550-BD6D-F179F4FAE0CD}.Debug|Win32.ActiveCfg = Debug|Win32
		{24358049-34F6-3550-BD6D-F179F4FAE0CD}.Debug|Win32.Build.0 = Debug|Win32
		{24358049-34F6-3550-BD6D-F179F4FAE0CD}.Debug|x64.ActiveCfg = Debug|Win32
		{24358049-34F6-3550-BD6D-F179F4FAE0CD}.Debug|x86.ActiveCfg = Debug|Win32
		{24358049-34F6-3550-BD6D-F179F4FAE0CD}.Debug|x86.Build.0 = Debug|Win32
		{24358049-34F6-3550-BD6D-F179F4FAE0CD}.MinSizeRel|Mixed Platforms.ActiveCfg = MinSizeRel|Win32
		{24358049-34F6-3550-BD6D-F179F4FAE0CD}.MinSizeRel|Mixed Platforms.Build.0 = MinSizeRel|Win32
		{24358049-34F6-3550-BD6D-F179F4FAE0CD}.MinSizeRel|Win32.ActiveCfg = MinSizeRel|Win32
		{24358049-34F6-3550-BD6D-F179F4FAE0CD}.MinSizeRel|Win32.Build.0 = MinSizeRel|Win32
		{24358049-34F6-3550-BD6D-F179F4FAE0CD}.MinSizeRel|x64.ActiveCfg = MinSizeRel|Win32
		{24358049-34F6-3550-BD6D-F179F4FAE0CD}.MinSizeRel|x86.ActiveCfg = MinSizeRel|Win32
		{24358049-34F6-3550-BD6D-F179F4FAE0CD}.MinSizeRel|x86.Build.0 = MinSizeRel|Win32
		{24358049-34F6-3550-BD6D-F179F4FAE0CD}.Release_CRT_NoOpt|Mixed Platforms.ActiveCfg = Release|Win32
		{24358049-34F6-3550-BD6D-F179F4FAE0CD}.Release_CRT_NoOpt|Mixed Platforms.Build.0 = Release|Win32
		{24358049-34F6-3550-BD6D-F179F4FAE0CD}.Release_CRT_NoOpt|Win32.ActiveCfg = Release|Win32
		{24358049-34F6-3550-BD6D-F179F4FAE0CD}.Release_CRT_NoOpt|Win32.Build.0 = Release|Win32
		{24358049-34F6-3550-BD6D-F179F4FAE0CD}.Release_CRT_NoOpt|x64.ActiveCfg = Release|Win32
		{24358049-34F6-3550-BD6D-F179F4FAE0CD}.Release_CRT_NoOpt|x64.Build.0 = Release|Win32
		{24358049-34F6-3550-BD6D-F179F4FAE0CD}.Release_CRT_NoOpt|x86.ActiveCfg = Release|Win32
		{24358049-34F6-3550-BD6D-F179F4FAE0CD}.Release_CRT_NoOpt|x86.Build.0 = Release|Win32
		{24358049-34F6-3550-BD6D-F179F4FAE0CD}.Release_NO_G112f|Mixed Platforms.ActiveCfg = Release|Win32
		{24358049-34F6-3550-BD6D-F179F4FAE0CD}.Release_NO_G112f|Mixed Platforms.Build.0 = Release|Win32
		{24358049-34F6-3550-BD6D-F179F4FAE0CD}.Release_NO_G112f|Win32.ActiveCfg = Release|Win32
		{24358049-34F6-3550-BD6D-F179F4FAE0CD}.Release_NO_G112f|Win32.Build.0 = Release|Win32
		{24358049-34F6-3550-BD6D-F179F4FAE0CD}.Release_NO_G112f|x64.ActiveCfg = Release|Win32
		{24358049-34F6-3550-BD6D-F179F4FAE0CD}.Release_NO_G112f|x64.Build.0 = Release|Win32
		{24358049-34F6-3550-BD6D-F179F4FAE0CD}.Release_NO_G112f|x86.ActiveCfg = Release|Win32
		{24358049-34F6-3550-BD6D-F179F4FAE0CD}.Release_NO_G112f|x86.Build.0 = Release|Win32
		{24358049-34F6-3550-BD6D-F179F4FAE0CD}.Release_NO_G18kmod|Mixed Platforms.ActiveCfg = Release|Win32
		{24358049-34F6-3550-BD6D-F179F4FAE0CD}.Release_NO_G18kmod|Mixed Platforms.Build.0 = Release|Win32
		{24358049-34F6-3550-BD6D-F179F4FAE0CD}.Release_NO_G18kmod|Win32.ActiveCfg = Release|Win32
		{24358049-34F6-3550-BD6D-F179F4FAE0CD}.Release_NO_G18kmod|Win32.Build.0 = Release|Win32
		{24358049-34F6-3550-BD6D-F179F4FAE0CD}.Release_NO_G18kmod|x64.ActiveCfg = Release|Win32
		{24358049-34F6-3550-BD6D-F179F4FAE0CD}.Release_NO_G18kmod|x64.Build.0 = Release|Win32
		{24358049-34F6-3550-BD6D-F179F4FAE0CD}.Release_NO_G18kmod|x86.ActiveCfg = Release|Win32
		{24358049-34F6-3550-BD6D-F179F4FAE0CD}.Release_NO_G18kmod|x86.Build.0 = Release|Win32
		{24358049-34F6-3550-BD6D-F179F4FAE0CD}.Release_NoOpt|Mixed Platforms.ActiveCfg = Release|Win32
		{24358049-34F6-3550-BD6D-F179F4FAE0CD}.Release_NoOpt|Mixed Platforms.Build.0 = Release|Win32
		{24358049-34F6-3550-BD6D-F179F4FAE0CD}.Release_NoOpt|Win32.ActiveCfg = Release|Win32
		{24358049-34F6-3550-BD6D-F179F4FAE0CD}.Release_NoOpt|Win32.Build.0 = Release|Win32
		{24358049-34F6-3550-BD6D-F179F4FAE0CD}.Release_NoOpt|x64.ActiveCfg = Release|Win32
		{24358049-34F6-3550-BD6D-F179F4FAE0CD}.Release_NoOpt|x64.Build.0 = Release|Win32
		{24358049-34F6-3550-BD6D-F179F4FAE0CD}.Release_NoOpt|x86.ActiveCfg = Release|Win32
		{24358049-34F6-3550-BD6D-F179F4FAE0CD}.Release_NoOpt|x86.Build.0 = Release|Win32
		{24358049-34F6-3550-BD6D-F179F4FAE0CD}.Release|Mixed Platforms.ActiveCfg = Release|Win32
		{24358049-34F6-3550-BD6D-F179F4FAE0CD}.Release|Mixed Platforms.Build.0 = Release|Win32
		{24358049-34F6-3550-BD6D-F179F4FAE0CD}.Release|Win32.ActiveCfg = Release|Win32
		{24358049-34F6-3550-BD6D-F179F4FAE0CD}.Release|Win32.Build.0 = Release|Win32
		{24358049-34F6-3550-BD6D-F179F4FAE0CD}.Release|x64.ActiveCfg = Release|Win32
		{24358049-34F6-3550-BD6D-F179F4FAE0CD}.Release|x86.ActiveCfg = Release|Win32
		{24358049-34F6-3550-BD6D-F179F4FAE0CD}.Release|x86.Build.0 = Release|Win32
		{24358049-34F6-3550-BD6D-F179F4FAE0CD}.RelWithDebInfo|Mixed Platforms.ActiveCfg = RelWithDebInfo|Win32
		{24358049-34F6-3550-BD6D-F179F4FAE0CD}.RelWithDebInfo|Mixed Platforms.Build.0 = RelWithDebInfo|Win32
		{24358049-34F6-3550-BD6D-F179F4FAE0CD}.RelWithDebInfo|Win32.ActiveCfg = RelWithDebInfo|Win32
		{24358049-34F6-3550-BD6D-F179F4FAE0CD}.RelWithDebInfo|Win32.Build.0 = RelWithDebInfo|Win32
		{24358049-34F6-3550-BD6D-F179F4FAE0CD}.RelWithDebInfo|x64.ActiveCfg = RelWithDebInfo|Win32
		{24358049-34F6-3550-BD6D-F179F4FAE0CD}.RelWithDebInfo|x86.ActiveCfg = RelWithDebInfo|Win32
		{24358049-34F6-3550-BD6D-F179F4FAE0CD}.RelWithDebInfo|x86.Build.0 = RelWithDebInfo|Win32
	EndGlobalSection
	GlobalSection(SolutionProperties) = preSolution
		HideSolutionNode = FALSE
	EndGlobalSection
EndGlobal
